
Microsoft Visual Studio Solution File, Format Version 12.00
# Visual Studio Version 17
VisualStudioVersion = 17.1.32104.313
MinimumVisualStudioVersion = 10.0.40219.1
Project("{9A19103F-16F7-4668-BE54-9A1E7A4F7556}") = "BIT.Data.Sync", "BIT.Data.Sync\BIT.Data.Sync.csproj", "{74EBFFB4-10E8-419E-9956-E4FDAD9385D3}"
EndProject
Project("{2150E333-8FDC-42A3-9474-1A3956D46DE8}") = "Solution Items", "Solution Items", "{82DDA9D8-FC69-411E-90A6-DA03C5C546C8}"
	ProjectSection(SolutionItems) = preProject
		..\Changes.md = ..\Changes.md
		Directory.Build.props = Directory.Build.props
		..\README.md = ..\README.md
	EndProjectSection
EndProject
Project("{2150E333-8FDC-42A3-9474-1A3956D46DE8}") = "Tests", "Tests", "{F659BA38-A2DD-41E9-83E1-2F9658400833}"
EndProject
Project("{9A19103F-16F7-4668-BE54-9A1E7A4F7556}") = "BIT.Data.Sync.Tests", "Tests\BIT.Data.Sync.Tests\BIT.Data.Sync.Tests.csproj", "{F5301998-7372-47E0-81DE-4ADD421A2D50}"
EndProject
Project("{9A19103F-16F7-4668-BE54-9A1E7A4F7556}") = "BIT.Data.Sync.EfCore", "EntityFrameworkCore\BIT.Data.Sync.EfCore\BIT.Data.Sync.EfCore.csproj", "{8F95FD05-7A19-427B-95F1-7353F48EBBCD}"
EndProject
Project("{9A19103F-16F7-4668-BE54-9A1E7A4F7556}") = "BIT.Data.Sync.EfCore.Tests", "Tests\BIT.Data.Sync.EfCore.Tests\BIT.Data.Sync.EfCore.Tests.csproj", "{038DE97D-D019-4B91-8067-F631B41801F4}"
EndProject
Project("{2150E333-8FDC-42A3-9474-1A3956D46DE8}") = "EfCore", "EfCore", "{46C1A426-26A2-4DDB-9EC2-E4611CCDFA93}"
EndProject
Project("{9A19103F-16F7-4668-BE54-9A1E7A4F7556}") = "BIT.Data.Sync.EfCore.Sqlite", "EntityFrameworkCore\BIT.Data.Sync.EfCore.Sqlite\BIT.Data.Sync.EfCore.Sqlite.csproj", "{24A957CE-DE20-42CE-BF77-8A169F07B233}"
EndProject
Project("{9A19103F-16F7-4668-BE54-9A1E7A4F7556}") = "BIT.Data.Sync.EfCore.SqlServer", "EntityFrameworkCore\BIT.Data.Sync.EfCore.SqlServer\BIT.Data.Sync.EfCore.SqlServer.csproj", "{39BDD72F-625D-4124-AF3A-A765FC2CFA14}"
EndProject
Project("{9A19103F-16F7-4668-BE54-9A1E7A4F7556}") = "BIT.Data.Sync.EfCore.Npgsql", "EntityFrameworkCore\NBIT.Data.Sync.EfCore.Npgsql\BIT.Data.Sync.EfCore.Npgsql.csproj", "{11072152-DC60-44DD-B1F8-59155A4DD76A}"
EndProject
Project("{9A19103F-16F7-4668-BE54-9A1E7A4F7556}") = "BIT.Data.Sync.EfCore.Pomelo.MySql", "EntityFrameworkCore\BIT.Data.Sync.EfCore.Pomelo.MySql\BIT.Data.Sync.EfCore.Pomelo.MySql.csproj", "{D9FB98D7-BDCC-48AB-B04A-0836DB180674}"
EndProject
Project("{2150E333-8FDC-42A3-9474-1A3956D46DE8}") = "Sample", "Sample", "{434F52BC-B630-459E-83D1-EFA042F88C7E}"
EndProject
Project("{9A19103F-16F7-4668-BE54-9A1E7A4F7556}") = "BIT.Data.Sync.AspNetCore", "BIT.Data.Sync.AspNetCore\BIT.Data.Sync.AspNetCore.csproj", "{9C8191CC-3DD3-4CFB-96E0-2166F174B96E}"
EndProject
Project("{2150E333-8FDC-42A3-9474-1A3956D46DE8}") = "TemplateProject", "TemplateProject", "{2D45FF22-5452-4ED7-AE96-0FABDC28CF8C}"
EndProject
Project("{9A19103F-16F7-4668-BE54-9A1E7A4F7556}") = "templatepack", "templates\templatepack.csproj", "{481C40F7-96C2-4CFD-B1DE-1CC1DB95EBE9}"
EndProject
Project("{9A19103F-16F7-4668-BE54-9A1E7A4F7556}") = "SyncFramework.Playground", "SyncFramework.Playground\SyncFramework.Playground.csproj", "{8715A9DB-76CC-4327-A77C-231C3572F20E}"
EndProject
Project("{FAE04EC0-301F-11D3-BF4B-00C04F79EFBC}") = "SyncFramework.Playground.Components", "SyncFramework.Playground.Components\SyncFramework.Playground.Components.csproj", "{70874E0A-4E70-4F90-B6C4-C168143E901D}"
EndProject
Project("{2150E333-8FDC-42A3-9474-1A3956D46DE8}") = "SyncFrameworkStudio", "SyncFrameworkStudio", "{CFF5C85B-9B4B-6434-4410-B3DF590D2FD4}"
EndProject
Project("{FAE04EC0-301F-11D3-BF4B-00C04F79EFBC}") = "SynFrameworkStudio.Module", "SynFrameworkStudio\SynFrameworkStudio.Module\SynFrameworkStudio.Module.csproj", "{721B13C2-3C49-176C-529A-3B5793CB95B5}"
EndProject
Project("{FAE04EC0-301F-11D3-BF4B-00C04F79EFBC}") = "SynFrameworkStudio.Blazor.Server", "SynFrameworkStudio\SynFrameworkStudio.Blazor.Server\SynFrameworkStudio.Blazor.Server.csproj", "{0ABA4B39-7026-9912-A3E3-194D068E37AA}"
EndProject
Project("{FAE04EC0-301F-11D3-BF4B-00C04F79EFBC}") = "SynFrameworkStudio.E2E.Tests", "SynFrameworkStudio\SynFrameworkStudio.E2E.Tests\SynFrameworkStudio.E2E.Tests.csproj", "{1ED24EC6-E047-E16D-2D6C-6C0621511482}"
EndProject
Global
	GlobalSection(SolutionConfigurationPlatforms) = preSolution
		Debug|Any CPU = Debug|Any CPU
		Debug|x64 = Debug|x64
		Release|Any CPU = Release|Any CPU
		Release|x64 = Release|x64
		ReleaseProduction|Any CPU = ReleaseProduction|Any CPU
		ReleaseProduction|x64 = ReleaseProduction|x64
	EndGlobalSection
	GlobalSection(ProjectConfigurationPlatforms) = postSolution
		{74EBFFB4-10E8-419E-9956-E4FDAD9385D3}.Debug|Any CPU.ActiveCfg = Debug|Any CPU
		{74EBFFB4-10E8-419E-9956-E4FDAD9385D3}.Debug|Any CPU.Build.0 = Debug|Any CPU
		{74EBFFB4-10E8-419E-9956-E4FDAD9385D3}.Debug|x64.ActiveCfg = Debug|x64
		{74EBFFB4-10E8-419E-9956-E4FDAD9385D3}.Debug|x64.Build.0 = Debug|x64
		{74EBFFB4-10E8-419E-9956-E4FDAD9385D3}.Release|Any CPU.ActiveCfg = Release|Any CPU
		{74EBFFB4-10E8-419E-9956-E4FDAD9385D3}.Release|Any CPU.Build.0 = Release|Any CPU
		{74EBFFB4-10E8-419E-9956-E4FDAD9385D3}.Release|x64.ActiveCfg = Release|x64
		{74EBFFB4-10E8-419E-9956-E4FDAD9385D3}.Release|x64.Build.0 = Release|x64
		{74EBFFB4-10E8-419E-9956-E4FDAD9385D3}.ReleaseProduction|Any CPU.ActiveCfg = Release|Any CPU
		{74EBFFB4-10E8-419E-9956-E4FDAD9385D3}.ReleaseProduction|Any CPU.Build.0 = Release|Any CPU
		{74EBFFB4-10E8-419E-9956-E4FDAD9385D3}.ReleaseProduction|x64.ActiveCfg = Release|x64
		{74EBFFB4-10E8-419E-9956-E4FDAD9385D3}.ReleaseProduction|x64.Build.0 = Release|x64
		{F5301998-7372-47E0-81DE-4ADD421A2D50}.Debug|Any CPU.ActiveCfg = Debug|Any CPU
		{F5301998-7372-47E0-81DE-4ADD421A2D50}.Debug|Any CPU.Build.0 = Debug|Any CPU
		{F5301998-7372-47E0-81DE-4ADD421A2D50}.Debug|x64.ActiveCfg = Debug|x64
		{F5301998-7372-47E0-81DE-4ADD421A2D50}.Debug|x64.Build.0 = Debug|x64
		{F5301998-7372-47E0-81DE-4ADD421A2D50}.Release|Any CPU.ActiveCfg = Release|Any CPU
		{F5301998-7372-47E0-81DE-4ADD421A2D50}.Release|Any CPU.Build.0 = Release|Any CPU
		{F5301998-7372-47E0-81DE-4ADD421A2D50}.Release|x64.ActiveCfg = Release|x64
		{F5301998-7372-47E0-81DE-4ADD421A2D50}.Release|x64.Build.0 = Release|x64
		{F5301998-7372-47E0-81DE-4ADD421A2D50}.ReleaseProduction|Any CPU.ActiveCfg = Release|Any CPU
		{F5301998-7372-47E0-81DE-4ADD421A2D50}.ReleaseProduction|Any CPU.Build.0 = Release|Any CPU
		{F5301998-7372-47E0-81DE-4ADD421A2D50}.ReleaseProduction|x64.ActiveCfg = Release|x64
		{F5301998-7372-47E0-81DE-4ADD421A2D50}.ReleaseProduction|x64.Build.0 = Release|x64
		{8F95FD05-7A19-427B-95F1-7353F48EBBCD}.Debug|Any CPU.ActiveCfg = Debug|Any CPU
		{8F95FD05-7A19-427B-95F1-7353F48EBBCD}.Debug|Any CPU.Build.0 = Debug|Any CPU
		{8F95FD05-7A19-427B-95F1-7353F48EBBCD}.Debug|x64.ActiveCfg = Debug|x64
		{8F95FD05-7A19-427B-95F1-7353F48EBBCD}.Debug|x64.Build.0 = Debug|x64
		{8F95FD05-7A19-427B-95F1-7353F48EBBCD}.Release|Any CPU.ActiveCfg = Release|Any CPU
		{8F95FD05-7A19-427B-95F1-7353F48EBBCD}.Release|Any CPU.Build.0 = Release|Any CPU
		{8F95FD05-7A19-427B-95F1-7353F48EBBCD}.Release|x64.ActiveCfg = Release|x64
		{8F95FD05-7A19-427B-95F1-7353F48EBBCD}.Release|x64.Build.0 = Release|x64
		{8F95FD05-7A19-427B-95F1-7353F48EBBCD}.ReleaseProduction|Any CPU.ActiveCfg = Release|Any CPU
		{8F95FD05-7A19-427B-95F1-7353F48EBBCD}.ReleaseProduction|Any CPU.Build.0 = Release|Any CPU
		{8F95FD05-7A19-427B-95F1-7353F48EBBCD}.ReleaseProduction|x64.ActiveCfg = Release|x64
		{8F95FD05-7A19-427B-95F1-7353F48EBBCD}.ReleaseProduction|x64.Build.0 = Release|x64
		{038DE97D-D019-4B91-8067-F631B41801F4}.Debug|Any CPU.ActiveCfg = Debug|Any CPU
		{038DE97D-D019-4B91-8067-F631B41801F4}.Debug|Any CPU.Build.0 = Debug|Any CPU
		{038DE97D-D019-4B91-8067-F631B41801F4}.Debug|x64.ActiveCfg = Debug|x64
		{038DE97D-D019-4B91-8067-F631B41801F4}.Debug|x64.Build.0 = Debug|x64
		{038DE97D-D019-4B91-8067-F631B41801F4}.Release|Any CPU.ActiveCfg = Release|Any CPU
		{038DE97D-D019-4B91-8067-F631B41801F4}.Release|Any CPU.Build.0 = Release|Any CPU
		{038DE97D-D019-4B91-8067-F631B41801F4}.Release|x64.ActiveCfg = Release|x64
		{038DE97D-D019-4B91-8067-F631B41801F4}.Release|x64.Build.0 = Release|x64
		{038DE97D-D019-4B91-8067-F631B41801F4}.ReleaseProduction|Any CPU.ActiveCfg = Release|Any CPU
		{038DE97D-D019-4B91-8067-F631B41801F4}.ReleaseProduction|Any CPU.Build.0 = Release|Any CPU
		{038DE97D-D019-4B91-8067-F631B41801F4}.ReleaseProduction|x64.ActiveCfg = Release|x64
		{038DE97D-D019-4B91-8067-F631B41801F4}.ReleaseProduction|x64.Build.0 = Release|x64
		{24A957CE-DE20-42CE-BF77-8A169F07B233}.Debug|Any CPU.ActiveCfg = Debug|Any CPU
		{24A957CE-DE20-42CE-BF77-8A169F07B233}.Debug|Any CPU.Build.0 = Debug|Any CPU
		{24A957CE-DE20-42CE-BF77-8A169F07B233}.Debug|x64.ActiveCfg = Debug|x64
		{24A957CE-DE20-42CE-BF77-8A169F07B233}.Debug|x64.Build.0 = Debug|x64
		{24A957CE-DE20-42CE-BF77-8A169F07B233}.Release|Any CPU.ActiveCfg = Release|Any CPU
		{24A957CE-DE20-42CE-BF77-8A169F07B233}.Release|Any CPU.Build.0 = Release|Any CPU
		{24A957CE-DE20-42CE-BF77-8A169F07B233}.Release|x64.ActiveCfg = Release|x64
		{24A957CE-DE20-42CE-BF77-8A169F07B233}.Release|x64.Build.0 = Release|x64
		{24A957CE-DE20-42CE-BF77-8A169F07B233}.ReleaseProduction|Any CPU.ActiveCfg = Release|Any CPU
		{24A957CE-DE20-42CE-BF77-8A169F07B233}.ReleaseProduction|Any CPU.Build.0 = Release|Any CPU
		{24A957CE-DE20-42CE-BF77-8A169F07B233}.ReleaseProduction|x64.ActiveCfg = Release|x64
		{24A957CE-DE20-42CE-BF77-8A169F07B233}.ReleaseProduction|x64.Build.0 = Release|x64
		{39BDD72F-625D-4124-AF3A-A765FC2CFA14}.Debug|Any CPU.ActiveCfg = Debug|Any CPU
		{39BDD72F-625D-4124-AF3A-A765FC2CFA14}.Debug|Any CPU.Build.0 = Debug|Any CPU
		{39BDD72F-625D-4124-AF3A-A765FC2CFA14}.Debug|x64.ActiveCfg = Debug|x64
		{39BDD72F-625D-4124-AF3A-A765FC2CFA14}.Debug|x64.Build.0 = Debug|x64
		{39BDD72F-625D-4124-AF3A-A765FC2CFA14}.Release|Any CPU.ActiveCfg = Release|Any CPU
		{39BDD72F-625D-4124-AF3A-A765FC2CFA14}.Release|Any CPU.Build.0 = Release|Any CPU
		{39BDD72F-625D-4124-AF3A-A765FC2CFA14}.Release|x64.ActiveCfg = Release|x64
		{39BDD72F-625D-4124-AF3A-A765FC2CFA14}.Release|x64.Build.0 = Release|x64
		{39BDD72F-625D-4124-AF3A-A765FC2CFA14}.ReleaseProduction|Any CPU.ActiveCfg = Release|Any CPU
		{39BDD72F-625D-4124-AF3A-A765FC2CFA14}.ReleaseProduction|Any CPU.Build.0 = Release|Any CPU
		{39BDD72F-625D-4124-AF3A-A765FC2CFA14}.ReleaseProduction|x64.ActiveCfg = Release|x64
		{39BDD72F-625D-4124-AF3A-A765FC2CFA14}.ReleaseProduction|x64.Build.0 = Release|x64
		{11072152-DC60-44DD-B1F8-59155A4DD76A}.Debug|Any CPU.ActiveCfg = Debug|Any CPU
		{11072152-DC60-44DD-B1F8-59155A4DD76A}.Debug|Any CPU.Build.0 = Debug|Any CPU
		{11072152-DC60-44DD-B1F8-59155A4DD76A}.Debug|x64.ActiveCfg = Debug|x64
		{11072152-DC60-44DD-B1F8-59155A4DD76A}.Debug|x64.Build.0 = Debug|x64
		{11072152-DC60-44DD-B1F8-59155A4DD76A}.Release|Any CPU.ActiveCfg = Release|Any CPU
		{11072152-DC60-44DD-B1F8-59155A4DD76A}.Release|Any CPU.Build.0 = Release|Any CPU
		{11072152-DC60-44DD-B1F8-59155A4DD76A}.Release|x64.ActiveCfg = Release|x64
		{11072152-DC60-44DD-B1F8-59155A4DD76A}.Release|x64.Build.0 = Release|x64
		{11072152-DC60-44DD-B1F8-59155A4DD76A}.ReleaseProduction|Any CPU.ActiveCfg = Release|Any CPU
		{11072152-DC60-44DD-B1F8-59155A4DD76A}.ReleaseProduction|Any CPU.Build.0 = Release|Any CPU
		{11072152-DC60-44DD-B1F8-59155A4DD76A}.ReleaseProduction|x64.ActiveCfg = Release|x64
		{11072152-DC60-44DD-B1F8-59155A4DD76A}.ReleaseProduction|x64.Build.0 = Release|x64
		{D9FB98D7-BDCC-48AB-B04A-0836DB180674}.Debug|Any CPU.ActiveCfg = Debug|Any CPU
		{D9FB98D7-BDCC-48AB-B04A-0836DB180674}.Debug|Any CPU.Build.0 = Debug|Any CPU
		{D9FB98D7-BDCC-48AB-B04A-0836DB180674}.Debug|x64.ActiveCfg = Debug|x64
		{D9FB98D7-BDCC-48AB-B04A-0836DB180674}.Debug|x64.Build.0 = Debug|x64
		{D9FB98D7-BDCC-48AB-B04A-0836DB180674}.Release|Any CPU.ActiveCfg = Release|Any CPU
		{D9FB98D7-BDCC-48AB-B04A-0836DB180674}.Release|Any CPU.Build.0 = Release|Any CPU
		{D9FB98D7-BDCC-48AB-B04A-0836DB180674}.Release|x64.ActiveCfg = Release|x64
		{D9FB98D7-BDCC-48AB-B04A-0836DB180674}.Release|x64.Build.0 = Release|x64
		{D9FB98D7-BDCC-48AB-B04A-0836DB180674}.ReleaseProduction|Any CPU.ActiveCfg = Release|Any CPU
		{D9FB98D7-BDCC-48AB-B04A-0836DB180674}.ReleaseProduction|Any CPU.Build.0 = Release|Any CPU
		{D9FB98D7-BDCC-48AB-B04A-0836DB180674}.ReleaseProduction|x64.ActiveCfg = Release|x64
		{D9FB98D7-BDCC-48AB-B04A-0836DB180674}.ReleaseProduction|x64.Build.0 = Release|x64
		{9C8191CC-3DD3-4CFB-96E0-2166F174B96E}.Debug|Any CPU.ActiveCfg = Debug|Any CPU
		{9C8191CC-3DD3-4CFB-96E0-2166F174B96E}.Debug|Any CPU.Build.0 = Debug|Any CPU
		{9C8191CC-3DD3-4CFB-96E0-2166F174B96E}.Debug|x64.ActiveCfg = Debug|x64
		{9C8191CC-3DD3-4CFB-96E0-2166F174B96E}.Debug|x64.Build.0 = Debug|x64
		{9C8191CC-3DD3-4CFB-96E0-2166F174B96E}.Release|Any CPU.ActiveCfg = Release|Any CPU
		{9C8191CC-3DD3-4CFB-96E0-2166F174B96E}.Release|Any CPU.Build.0 = Release|Any CPU
		{9C8191CC-3DD3-4CFB-96E0-2166F174B96E}.Release|x64.ActiveCfg = Release|x64
		{9C8191CC-3DD3-4CFB-96E0-2166F174B96E}.Release|x64.Build.0 = Release|x64
		{9C8191CC-3DD3-4CFB-96E0-2166F174B96E}.ReleaseProduction|Any CPU.ActiveCfg = Release|Any CPU
		{9C8191CC-3DD3-4CFB-96E0-2166F174B96E}.ReleaseProduction|Any CPU.Build.0 = Release|Any CPU
		{9C8191CC-3DD3-4CFB-96E0-2166F174B96E}.ReleaseProduction|x64.ActiveCfg = Release|x64
		{9C8191CC-3DD3-4CFB-96E0-2166F174B96E}.ReleaseProduction|x64.Build.0 = Release|x64
		{481C40F7-96C2-4CFD-B1DE-1CC1DB95EBE9}.Debug|Any CPU.ActiveCfg = Debug|Any CPU
		{481C40F7-96C2-4CFD-B1DE-1CC1DB95EBE9}.Debug|Any CPU.Build.0 = Debug|Any CPU
		{481C40F7-96C2-4CFD-B1DE-1CC1DB95EBE9}.Debug|x64.ActiveCfg = Debug|x64
		{481C40F7-96C2-4CFD-B1DE-1CC1DB95EBE9}.Debug|x64.Build.0 = Debug|x64
		{481C40F7-96C2-4CFD-B1DE-1CC1DB95EBE9}.Release|Any CPU.ActiveCfg = Release|Any CPU
		{481C40F7-96C2-4CFD-B1DE-1CC1DB95EBE9}.Release|Any CPU.Build.0 = Release|Any CPU
		{481C40F7-96C2-4CFD-B1DE-1CC1DB95EBE9}.Release|x64.ActiveCfg = Release|x64
		{481C40F7-96C2-4CFD-B1DE-1CC1DB95EBE9}.Release|x64.Build.0 = Release|x64
		{481C40F7-96C2-4CFD-B1DE-1CC1DB95EBE9}.ReleaseProduction|Any CPU.ActiveCfg = Release|Any CPU
		{481C40F7-96C2-4CFD-B1DE-1CC1DB95EBE9}.ReleaseProduction|Any CPU.Build.0 = Release|Any CPU
		{481C40F7-96C2-4CFD-B1DE-1CC1DB95EBE9}.ReleaseProduction|x64.ActiveCfg = Release|x64
		{481C40F7-96C2-4CFD-B1DE-1CC1DB95EBE9}.ReleaseProduction|x64.Build.0 = Release|x64
		{8715A9DB-76CC-4327-A77C-231C3572F20E}.Debug|Any CPU.ActiveCfg = Debug|Any CPU
		{8715A9DB-76CC-4327-A77C-231C3572F20E}.Debug|Any CPU.Build.0 = Debug|Any CPU
		{8715A9DB-76CC-4327-A77C-231C3572F20E}.Debug|x64.ActiveCfg = Debug|x64
		{8715A9DB-76CC-4327-A77C-231C3572F20E}.Debug|x64.Build.0 = Debug|x64
		{8715A9DB-76CC-4327-A77C-231C3572F20E}.Release|Any CPU.ActiveCfg = Release|Any CPU
		{8715A9DB-76CC-4327-A77C-231C3572F20E}.Release|Any CPU.Build.0 = Release|Any CPU
		{8715A9DB-76CC-4327-A77C-231C3572F20E}.Release|x64.ActiveCfg = Release|x64
		{8715A9DB-76CC-4327-A77C-231C3572F20E}.Release|x64.Build.0 = Release|x64
		{8715A9DB-76CC-4327-A77C-231C3572F20E}.ReleaseProduction|Any CPU.ActiveCfg = Release|Any CPU
		{8715A9DB-76CC-4327-A77C-231C3572F20E}.ReleaseProduction|Any CPU.Build.0 = Release|Any CPU
		{8715A9DB-76CC-4327-A77C-231C3572F20E}.ReleaseProduction|x64.ActiveCfg = Release|x64
		{8715A9DB-76CC-4327-A77C-231C3572F20E}.ReleaseProduction|x64.Build.0 = Release|x64
		{70874E0A-4E70-4F90-B6C4-C168143E901D}.Debug|Any CPU.ActiveCfg = Debug|Any CPU
		{70874E0A-4E70-4F90-B6C4-C168143E901D}.Debug|Any CPU.Build.0 = Debug|Any CPU
		{70874E0A-4E70-4F90-B6C4-C168143E901D}.Debug|x64.ActiveCfg = Debug|x64
		{70874E0A-4E70-4F90-B6C4-C168143E901D}.Debug|x64.Build.0 = Debug|x64
		{70874E0A-4E70-4F90-B6C4-C168143E901D}.Release|Any CPU.ActiveCfg = Release|Any CPU
		{70874E0A-4E70-4F90-B6C4-C168143E901D}.Release|Any CPU.Build.0 = Release|Any CPU
		{70874E0A-4E70-4F90-B6C4-C168143E901D}.Release|x64.ActiveCfg = Release|x64
		{70874E0A-4E70-4F90-B6C4-C168143E901D}.Release|x64.Build.0 = Release|x64
		{70874E0A-4E70-4F90-B6C4-C168143E901D}.ReleaseProduction|Any CPU.ActiveCfg = Release|Any CPU
		{70874E0A-4E70-4F90-B6C4-C168143E901D}.ReleaseProduction|Any CPU.Build.0 = Release|Any CPU
		{70874E0A-4E70-4F90-B6C4-C168143E901D}.ReleaseProduction|x64.ActiveCfg = Release|x64
		{70874E0A-4E70-4F90-B6C4-C168143E901D}.ReleaseProduction|x64.Build.0 = Release|x64
		{721B13C2-3C49-176C-529A-3B5793CB95B5}.Debug|Any CPU.ActiveCfg = Debug|Any CPU
		{721B13C2-3C49-176C-529A-3B5793CB95B5}.Debug|Any CPU.Build.0 = Debug|Any CPU
		{721B13C2-3C49-176C-529A-3B5793CB95B5}.Debug|x64.ActiveCfg = Debug|Any CPU
		{721B13C2-3C49-176C-529A-3B5793CB95B5}.Debug|x64.Build.0 = Debug|Any CPU
		{721B13C2-3C49-176C-529A-3B5793CB95B5}.Release|Any CPU.ActiveCfg = Release|Any CPU
		{721B13C2-3C49-176C-529A-3B5793CB95B5}.Release|Any CPU.Build.0 = Release|Any CPU
		{721B13C2-3C49-176C-529A-3B5793CB95B5}.Release|x64.ActiveCfg = Release|Any CPU
		{721B13C2-3C49-176C-529A-3B5793CB95B5}.Release|x64.Build.0 = Release|Any CPU
		{721B13C2-3C49-176C-529A-3B5793CB95B5}.ReleaseProduction|Any CPU.ActiveCfg = EasyTest|Any CPU
		{721B13C2-3C49-176C-529A-3B5793CB95B5}.ReleaseProduction|Any CPU.Build.0 = EasyTest|Any CPU
		{721B13C2-3C49-176C-529A-3B5793CB95B5}.ReleaseProduction|x64.ActiveCfg = EasyTest|Any CPU
		{721B13C2-3C49-176C-529A-3B5793CB95B5}.ReleaseProduction|x64.Build.0 = EasyTest|Any CPU
		{0ABA4B39-7026-9912-A3E3-194D068E37AA}.Debug|Any CPU.ActiveCfg = Debug|Any CPU
		{0ABA4B39-7026-9912-A3E3-194D068E37AA}.Debug|Any CPU.Build.0 = Debug|Any CPU
		{0ABA4B39-7026-9912-A3E3-194D068E37AA}.Debug|x64.ActiveCfg = Debug|Any CPU
		{0ABA4B39-7026-9912-A3E3-194D068E37AA}.Debug|x64.Build.0 = Debug|Any CPU
		{0ABA4B39-7026-9912-A3E3-194D068E37AA}.Release|Any CPU.ActiveCfg = Release|Any CPU
		{0ABA4B39-7026-9912-A3E3-194D068E37AA}.Release|Any CPU.Build.0 = Release|Any CPU
		{0ABA4B39-7026-9912-A3E3-194D068E37AA}.Release|x64.ActiveCfg = Release|Any CPU
		{0ABA4B39-7026-9912-A3E3-194D068E37AA}.Release|x64.Build.0 = Release|Any CPU
		{0ABA4B39-7026-9912-A3E3-194D068E37AA}.ReleaseProduction|Any CPU.ActiveCfg = EasyTest|Any CPU
		{0ABA4B39-7026-9912-A3E3-194D068E37AA}.ReleaseProduction|Any CPU.Build.0 = EasyTest|Any CPU
		{0ABA4B39-7026-9912-A3E3-194D068E37AA}.ReleaseProduction|x64.ActiveCfg = EasyTest|Any CPU
		{0ABA4B39-7026-9912-A3E3-194D068E37AA}.ReleaseProduction|x64.Build.0 = EasyTest|Any CPU
		{1ED24EC6-E047-E16D-2D6C-6C0621511482}.Debug|Any CPU.ActiveCfg = Debug|Any CPU
		{1ED24EC6-E047-E16D-2D6C-6C0621511482}.Debug|Any CPU.Build.0 = Debug|Any CPU
		{1ED24EC6-E047-E16D-2D6C-6C0621511482}.Debug|x64.ActiveCfg = Debug|Any CPU
		{1ED24EC6-E047-E16D-2D6C-6C0621511482}.Debug|x64.Build.0 = Debug|Any CPU
		{1ED24EC6-E047-E16D-2D6C-6C0621511482}.Release|Any CPU.ActiveCfg = Release|Any CPU
		{1ED24EC6-E047-E16D-2D6C-6C0621511482}.Release|Any CPU.Build.0 = Release|Any CPU
		{1ED24EC6-E047-E16D-2D6C-6C0621511482}.Release|x64.ActiveCfg = Release|Any CPU
		{1ED24EC6-E047-E16D-2D6C-6C0621511482}.Release|x64.Build.0 = Release|Any CPU
		{1ED24EC6-E047-E16D-2D6C-6C0621511482}.ReleaseProduction|Any CPU.ActiveCfg = EasyTest|Any CPU
		{1ED24EC6-E047-E16D-2D6C-6C0621511482}.ReleaseProduction|Any CPU.Build.0 = EasyTest|Any CPU
		{1ED24EC6-E047-E16D-2D6C-6C0621511482}.ReleaseProduction|x64.ActiveCfg = EasyTest|Any CPU
		{1ED24EC6-E047-E16D-2D6C-6C0621511482}.ReleaseProduction|x64.Build.0 = EasyTest|Any CPU
	EndGlobalSection
	GlobalSection(SolutionProperties) = preSolution
		HideSolutionNode = FALSE
	EndGlobalSection
	GlobalSection(NestedProjects) = preSolution
		{F5301998-7372-47E0-81DE-4ADD421A2D50} = {F659BA38-A2DD-41E9-83E1-2F9658400833}
		{8F95FD05-7A19-427B-95F1-7353F48EBBCD} = {46C1A426-26A2-4DDB-9EC2-E4611CCDFA93}
		{038DE97D-D019-4B91-8067-F631B41801F4} = {F659BA38-A2DD-41E9-83E1-2F9658400833}
		{24A957CE-DE20-42CE-BF77-8A169F07B233} = {46C1A426-26A2-4DDB-9EC2-E4611CCDFA93}
		{39BDD72F-625D-4124-AF3A-A765FC2CFA14} = {46C1A426-26A2-4DDB-9EC2-E4611CCDFA93}
		{11072152-DC60-44DD-B1F8-59155A4DD76A} = {46C1A426-26A2-4DDB-9EC2-E4611CCDFA93}
		{D9FB98D7-BDCC-48AB-B04A-0836DB180674} = {46C1A426-26A2-4DDB-9EC2-E4611CCDFA93}
		{481C40F7-96C2-4CFD-B1DE-1CC1DB95EBE9} = {2D45FF22-5452-4ED7-AE96-0FABDC28CF8C}
		{8715A9DB-76CC-4327-A77C-231C3572F20E} = {434F52BC-B630-459E-83D1-EFA042F88C7E}
		{70874E0A-4E70-4F90-B6C4-C168143E901D} = {434F52BC-B630-459E-83D1-EFA042F88C7E}
		{721B13C2-3C49-176C-529A-3B5793CB95B5} = {CFF5C85B-9B4B-6434-4410-B3DF590D2FD4}
		{0ABA4B39-7026-9912-A3E3-194D068E37AA} = {CFF5C85B-9B4B-6434-4410-B3DF590D2FD4}
		{1ED24EC6-E047-E16D-2D6C-6C0621511482} = {CFF5C85B-9B4B-6434-4410-B3DF590D2FD4}
	EndGlobalSection
	GlobalSection(ExtensibilityGlobals) = postSolution
		SolutionGuid = {1DE69D0C-01EA-425A-B43E-10A131088EFC}
	EndGlobalSection
EndGlobal
