
Microsoft Visual Studio Solution File, Format Version 12.00
# Visual Studio Version 17
VisualStudioVersion = 17.1.32104.313
MinimumVisualStudioVersion = 10.0.40219.1
Project("{9A19103F-16F7-4668-BE54-9A1E7A4F7556}") = "BIT.Data.Sync", "BIT.Data.Sync\BIT.Data.Sync.csproj", "{74EBFFB4-10E8-419E-9956-E4FDAD9385D3}"
EndProject
Project("{2150E333-8FDC-42A3-9474-1A3956D46DE8}") = "Solution Items", "Solution Items", "{82DDA9D8-FC69-411E-90A6-DA03C5C546C8}"
	ProjectSection(SolutionItems) = preProject
		..\Changes.md = ..\Changes.md
		Directory.Build.props = Directory.Build.props
		..\README.md = ..\README.md
	EndProjectSection
EndProject
Project("{2150E333-8FDC-42A3-9474-1A3956D46DE8}") = "Tests", "Tests", "{F659BA38-A2DD-41E9-83E1-2F9658400833}"
EndProject
Project("{9A19103F-16F7-4668-BE54-9A1E7A4F7556}") = "BIT.Data.Sync.Tests", "Tests\BIT.Data.Sync.Tests\BIT.Data.Sync.Tests.csproj", "{F5301998-7372-47E0-81DE-4ADD421A2D50}"
EndProject
Project("{9A19103F-16F7-4668-BE54-9A1E7A4F7556}") = "BIT.Data.Sync.EfCore", "EntityFrameworkCore\BIT.Data.Sync.EfCore\BIT.Data.Sync.EfCore.csproj", "{8F95FD05-7A19-427B-95F1-7353F48EBBCD}"
EndProject
Project("{9A19103F-16F7-4668-BE54-9A1E7A4F7556}") = "BIT.Data.Sync.EfCore.Tests", "Tests\BIT.Data.Sync.EfCore.Tests\BIT.Data.Sync.EfCore.Tests.csproj", "{038DE97D-D019-4B91-8067-F631B41801F4}"
EndProject
Project("{2150E333-8FDC-42A3-9474-1A3956D46DE8}") = "EfCore", "EfCore", "{46C1A426-26A2-4DDB-9EC2-E4611CCDFA93}"
EndProject
Project("{9A19103F-16F7-4668-BE54-9A1E7A4F7556}") = "BIT.Data.Sync.EfCore.Sqlite", "EntityFrameworkCore\BIT.Data.Sync.EfCore.Sqlite\BIT.Data.Sync.EfCore.Sqlite.csproj", "{24A957CE-DE20-42CE-BF77-8A169F07B233}"
EndProject
Project("{9A19103F-16F7-4668-BE54-9A1E7A4F7556}") = "BIT.Data.Sync.EfCore.SqlServer", "EntityFrameworkCore\BIT.Data.Sync.EfCore.SqlServer\BIT.Data.Sync.EfCore.SqlServer.csproj", "{39BDD72F-625D-4124-AF3A-A765FC2CFA14}"
EndProject
Project("{9A19103F-16F7-4668-BE54-9A1E7A4F7556}") = "BIT.Data.Sync.EfCore.Npgsql", "EntityFrameworkCore\NBIT.Data.Sync.EfCore.Npgsql\BIT.Data.Sync.EfCore.Npgsql.csproj", "{11072152-DC60-44DD-B1F8-59155A4DD76A}"
EndProject
Project("{9A19103F-16F7-4668-BE54-9A1E7A4F7556}") = "BIT.Data.Sync.EfCore.Pomelo.MySql", "EntityFrameworkCore\BIT.Data.Sync.EfCore.Pomelo.MySql\BIT.Data.Sync.EfCore.Pomelo.MySql.csproj", "{D9FB98D7-BDCC-48AB-B04A-0836DB180674}"
EndProject
Project("{2150E333-8FDC-42A3-9474-1A3956D46DE8}") = "Sample", "Sample", "{434F52BC-B630-459E-83D1-EFA042F88C7E}"
EndProject
Project("{9A19103F-16F7-4668-BE54-9A1E7A4F7556}") = "SyncFramework.ConsoleApp", "Sample\SyncFramework.Console\SyncFramework.ConsoleApp.csproj", "{E8F89FCD-2D4D-4E33-807E-9EBB876A54E8}"
EndProject
Project("{9A19103F-16F7-4668-BE54-9A1E7A4F7556}") = "SyncServer", "Sample\SyncServer\SyncServer.csproj", "{2DBEBC4C-FB08-417A-A54B-E88774659689}"
EndProject
Project("{9A19103F-16F7-4668-BE54-9A1E7A4F7556}") = "BIT.Data.Sync.AspNetCore", "BIT.Data.Sync.AspNetCore\BIT.Data.Sync.AspNetCore.csproj", "{9C8191CC-3DD3-4CFB-96E0-2166F174B96E}"
EndProject
Project("{2150E333-8FDC-42A3-9474-1A3956D46DE8}") = "TemplateProject", "TemplateProject", "{2D45FF22-5452-4ED7-AE96-0FABDC28CF8C}"
EndProject
Project("{9A19103F-16F7-4668-BE54-9A1E7A4F7556}") = "templatepack", "templates\templatepack.csproj", "{481C40F7-96C2-4CFD-B1DE-1CC1DB95EBE9}"
EndProject
Global
	GlobalSection(SolutionConfigurationPlatforms) = preSolution
		Debug|Any CPU = Debug|Any CPU
		Release|Any CPU = Release|Any CPU
		ReleaseProduction|Any CPU = ReleaseProduction|Any CPU
	EndGlobalSection
	GlobalSection(ProjectConfigurationPlatforms) = postSolution
		{74EBFFB4-10E8-419E-9956-E4FDAD9385D3}.Debug|Any CPU.ActiveCfg = Debug|Any CPU
		{74EBFFB4-10E8-419E-9956-E4FDAD9385D3}.Debug|Any CPU.Build.0 = Debug|Any CPU
		{74EBFFB4-10E8-419E-9956-E4FDAD9385D3}.Release|Any CPU.ActiveCfg = Release|Any CPU
		{74EBFFB4-10E8-419E-9956-E4FDAD9385D3}.Release|Any CPU.Build.0 = Release|Any CPU
		{74EBFFB4-10E8-419E-9956-E4FDAD9385D3}.ReleaseProduction|Any CPU.ActiveCfg = Release|Any CPU
		{74EBFFB4-10E8-419E-9956-E4FDAD9385D3}.ReleaseProduction|Any CPU.Build.0 = Release|Any CPU
		{F5301998-7372-47E0-81DE-4ADD421A2D50}.Debug|Any CPU.ActiveCfg = Debug|Any CPU
		{F5301998-7372-47E0-81DE-4ADD421A2D50}.Debug|Any CPU.Build.0 = Debug|Any CPU
		{F5301998-7372-47E0-81DE-4ADD421A2D50}.Release|Any CPU.ActiveCfg = Release|Any CPU
		{F5301998-7372-47E0-81DE-4ADD421A2D50}.Release|Any CPU.Build.0 = Release|Any CPU
		{F5301998-7372-47E0-81DE-4ADD421A2D50}.ReleaseProduction|Any CPU.ActiveCfg = Release|Any CPU
		{F5301998-7372-47E0-81DE-4ADD421A2D50}.ReleaseProduction|Any CPU.Build.0 = Release|Any CPU
		{8F95FD05-7A19-427B-95F1-7353F48EBBCD}.Debug|Any CPU.ActiveCfg = Debug|Any CPU
		{8F95FD05-7A19-427B-95F1-7353F48EBBCD}.Debug|Any CPU.Build.0 = Debug|Any CPU
		{8F95FD05-7A19-427B-95F1-7353F48EBBCD}.Release|Any CPU.ActiveCfg = Release|Any CPU
		{8F95FD05-7A19-427B-95F1-7353F48EBBCD}.Release|Any CPU.Build.0 = Release|Any CPU
		{8F95FD05-7A19-427B-95F1-7353F48EBBCD}.ReleaseProduction|Any CPU.ActiveCfg = Release|Any CPU
		{8F95FD05-7A19-427B-95F1-7353F48EBBCD}.ReleaseProduction|Any CPU.Build.0 = Release|Any CPU
		{038DE97D-D019-4B91-8067-F631B41801F4}.Debug|Any CPU.ActiveCfg = Debug|Any CPU
		{038DE97D-D019-4B91-8067-F631B41801F4}.Debug|Any CPU.Build.0 = Debug|Any CPU
		{038DE97D-D019-4B91-8067-F631B41801F4}.Release|Any CPU.ActiveCfg = Release|Any CPU
		{038DE97D-D019-4B91-8067-F631B41801F4}.Release|Any CPU.Build.0 = Release|Any CPU
		{038DE97D-D019-4B91-8067-F631B41801F4}.ReleaseProduction|Any CPU.ActiveCfg = Release|Any CPU
		{038DE97D-D019-4B91-8067-F631B41801F4}.ReleaseProduction|Any CPU.Build.0 = Release|Any CPU
		{24A957CE-DE20-42CE-BF77-8A169F07B233}.Debug|Any CPU.ActiveCfg = Debug|Any CPU
		{24A957CE-DE20-42CE-BF77-8A169F07B233}.Debug|Any CPU.Build.0 = Debug|Any CPU
		{24A957CE-DE20-42CE-BF77-8A169F07B233}.Release|Any CPU.ActiveCfg = Release|Any CPU
		{24A957CE-DE20-42CE-BF77-8A169F07B233}.Release|Any CPU.Build.0 = Release|Any CPU
		{24A957CE-DE20-42CE-BF77-8A169F07B233}.ReleaseProduction|Any CPU.ActiveCfg = Release|Any CPU
		{24A957CE-DE20-42CE-BF77-8A169F07B233}.ReleaseProduction|Any CPU.Build.0 = Release|Any CPU
		{39BDD72F-625D-4124-AF3A-A765FC2CFA14}.Debug|Any CPU.ActiveCfg = Debug|Any CPU
		{39BDD72F-625D-4124-AF3A-A765FC2CFA14}.Debug|Any CPU.Build.0 = Debug|Any CPU
		{39BDD72F-625D-4124-AF3A-A765FC2CFA14}.Release|Any CPU.ActiveCfg = Release|Any CPU
		{39BDD72F-625D-4124-AF3A-A765FC2CFA14}.Release|Any CPU.Build.0 = Release|Any CPU
		{39BDD72F-625D-4124-AF3A-A765FC2CFA14}.ReleaseProduction|Any CPU.ActiveCfg = Release|Any CPU
		{39BDD72F-625D-4124-AF3A-A765FC2CFA14}.ReleaseProduction|Any CPU.Build.0 = Release|Any CPU
		{11072152-DC60-44DD-B1F8-59155A4DD76A}.Debug|Any CPU.ActiveCfg = Debug|Any CPU
		{11072152-DC60-44DD-B1F8-59155A4DD76A}.Debug|Any CPU.Build.0 = Debug|Any CPU
		{11072152-DC60-44DD-B1F8-59155A4DD76A}.Release|Any CPU.ActiveCfg = Release|Any CPU
		{11072152-DC60-44DD-B1F8-59155A4DD76A}.Release|Any CPU.Build.0 = Release|Any CPU
		{11072152-DC60-44DD-B1F8-59155A4DD76A}.ReleaseProduction|Any CPU.ActiveCfg = Release|Any CPU
		{11072152-DC60-44DD-B1F8-59155A4DD76A}.ReleaseProduction|Any CPU.Build.0 = Release|Any CPU
		{D9FB98D7-BDCC-48AB-B04A-0836DB180674}.Debug|Any CPU.ActiveCfg = Debug|Any CPU
		{D9FB98D7-BDCC-48AB-B04A-0836DB180674}.Debug|Any CPU.Build.0 = Debug|Any CPU
		{D9FB98D7-BDCC-48AB-B04A-0836DB180674}.Release|Any CPU.ActiveCfg = Release|Any CPU
		{D9FB98D7-BDCC-48AB-B04A-0836DB180674}.Release|Any CPU.Build.0 = Release|Any CPU
		{D9FB98D7-BDCC-48AB-B04A-0836DB180674}.ReleaseProduction|Any CPU.ActiveCfg = Release|Any CPU
		{D9FB98D7-BDCC-48AB-B04A-0836DB180674}.ReleaseProduction|Any CPU.Build.0 = Release|Any CPU
		{E8F89FCD-2D4D-4E33-807E-9EBB876A54E8}.Debug|Any CPU.ActiveCfg = Debug|Any CPU
		{E8F89FCD-2D4D-4E33-807E-9EBB876A54E8}.Debug|Any CPU.Build.0 = Debug|Any CPU
		{E8F89FCD-2D4D-4E33-807E-9EBB876A54E8}.Release|Any CPU.ActiveCfg = Release|Any CPU
		{E8F89FCD-2D4D-4E33-807E-9EBB876A54E8}.Release|Any CPU.Build.0 = Release|Any CPU
		{E8F89FCD-2D4D-4E33-807E-9EBB876A54E8}.ReleaseProduction|Any CPU.ActiveCfg = Release|Any CPU
		{E8F89FCD-2D4D-4E33-807E-9EBB876A54E8}.ReleaseProduction|Any CPU.Build.0 = Release|Any CPU
		{2DBEBC4C-FB08-417A-A54B-E88774659689}.Debug|Any CPU.ActiveCfg = Debug|Any CPU
		{2DBEBC4C-FB08-417A-A54B-E88774659689}.Debug|Any CPU.Build.0 = Debug|Any CPU
		{2DBEBC4C-FB08-417A-A54B-E88774659689}.Release|Any CPU.ActiveCfg = Release|Any CPU
		{2DBEBC4C-FB08-417A-A54B-E88774659689}.Release|Any CPU.Build.0 = Release|Any CPU
		{2DBEBC4C-FB08-417A-A54B-E88774659689}.ReleaseProduction|Any CPU.ActiveCfg = Release|Any CPU
		{2DBEBC4C-FB08-417A-A54B-E88774659689}.ReleaseProduction|Any CPU.Build.0 = Release|Any CPU
		{9C8191CC-3DD3-4CFB-96E0-2166F174B96E}.Debug|Any CPU.ActiveCfg = Debug|Any CPU
		{9C8191CC-3DD3-4CFB-96E0-2166F174B96E}.Debug|Any CPU.Build.0 = Debug|Any CPU
		{9C8191CC-3DD3-4CFB-96E0-2166F174B96E}.Release|Any CPU.ActiveCfg = Release|Any CPU
		{9C8191CC-3DD3-4CFB-96E0-2166F174B96E}.Release|Any CPU.Build.0 = Release|Any CPU
		{9C8191CC-3DD3-4CFB-96E0-2166F174B96E}.ReleaseProduction|Any CPU.ActiveCfg = Release|Any CPU
		{9C8191CC-3DD3-4CFB-96E0-2166F174B96E}.ReleaseProduction|Any CPU.Build.0 = Release|Any CPU
		{481C40F7-96C2-4CFD-B1DE-1CC1DB95EBE9}.Debug|Any CPU.ActiveCfg = Debug|Any CPU
		{481C40F7-96C2-4CFD-B1DE-1CC1DB95EBE9}.Debug|Any CPU.Build.0 = Debug|Any CPU
		{481C40F7-96C2-4CFD-B1DE-1CC1DB95EBE9}.Release|Any CPU.ActiveCfg = Release|Any CPU
		{481C40F7-96C2-4CFD-B1DE-1CC1DB95EBE9}.Release|Any CPU.Build.0 = Release|Any CPU
		{481C40F7-96C2-4CFD-B1DE-1CC1DB95EBE9}.ReleaseProduction|Any CPU.ActiveCfg = Release|Any CPU
		{481C40F7-96C2-4CFD-B1DE-1CC1DB95EBE9}.ReleaseProduction|Any CPU.Build.0 = Release|Any CPU
	EndGlobalSection
	GlobalSection(SolutionProperties) = preSolution
		HideSolutionNode = FALSE
	EndGlobalSection
	GlobalSection(NestedProjects) = preSolution
		{F5301998-7372-47E0-81DE-4ADD421A2D50} = {F659BA38-A2DD-41E9-83E1-2F9658400833}
		{8F95FD05-7A19-427B-95F1-7353F48EBBCD} = {46C1A426-26A2-4DDB-9EC2-E4611CCDFA93}
		{038DE97D-D019-4B91-8067-F631B41801F4} = {F659BA38-A2DD-41E9-83E1-2F9658400833}
		{24A957CE-DE20-42CE-BF77-8A169F07B233} = {46C1A426-26A2-4DDB-9EC2-E4611CCDFA93}
		{39BDD72F-625D-4124-AF3A-A765FC2CFA14} = {46C1A426-26A2-4DDB-9EC2-E4611CCDFA93}
		{11072152-DC60-44DD-B1F8-59155A4DD76A} = {46C1A426-26A2-4DDB-9EC2-E4611CCDFA93}
		{D9FB98D7-BDCC-48AB-B04A-0836DB180674} = {46C1A426-26A2-4DDB-9EC2-E4611CCDFA93}
		{E8F89FCD-2D4D-4E33-807E-9EBB876A54E8} = {434F52BC-B630-459E-83D1-EFA042F88C7E}
		{2DBEBC4C-FB08-417A-A54B-E88774659689} = {434F52BC-B630-459E-83D1-EFA042F88C7E}
		{481C40F7-96C2-4CFD-B1DE-1CC1DB95EBE9} = {2D45FF22-5452-4ED7-AE96-0FABDC28CF8C}
	EndGlobalSection
	GlobalSection(ExtensibilityGlobals) = postSolution
		SolutionGuid = {1DE69D0C-01EA-425A-B43E-10A131088EFC}
	EndGlobalSection
EndGlobal
