
Microsoft Visual Studio Solution File, Format Version 12.00
# Visual Studio Version 17
VisualStudioVersion = 17.7.33711.374
MinimumVisualStudioVersion = 10.0.40219.1
Project("{FAE04EC0-301F-11D3-BF4B-00C04F79EFBC}") = "SyncServerTemplate", "SyncServerTemplate\SyncServerTemplate.csproj", "{2BB3284F-0906-48DC-BFCC-DCD55195381E}"
EndProject
Global
	GlobalSection(SolutionConfigurationPlatforms) = preSolution
		Debug|Any CPU = Debug|Any CPU
		Release|Any CPU = Release|Any CPU
	EndGlobalSection
	GlobalSection(ProjectConfigurationPlatforms) = postSolution
		{2BB3284F-0906-48DC-BFCC-DCD55195381E}.Debug|Any CPU.ActiveCfg = Debug|Any CPU
		{2BB3284F-0906-48DC-BFCC-DCD55195381E}.Debug|Any CPU.Build.0 = Debug|Any CPU
		{2BB3284F-0906-48DC-BFCC-DCD55195381E}.Release|Any CPU.ActiveCfg = Release|Any CPU
		{2BB3284F-0906-48DC-BFCC-DCD55195381E}.Release|Any CPU.Build.0 = Release|Any CPU
	EndGlobalSection
	GlobalSection(SolutionProperties) = preSolution
		HideSolutionNode = FALSE
	EndGlobalSection
	GlobalSection(ExtensibilityGlobals) = postSolution
		SolutionGuid = {103C4523-AC84-415F-8E24-30FE38ABF6AE}
	EndGlobalSection
EndGlobal
